
Microsoft Visual Studio Solution File, Format Version 12.00
# Visual Studio Version 16
VisualStudioVersion = 16.0.31005.135
MinimumVisualStudioVersion = 10.0.40219.1
Project("{FAE04EC0-301F-11D3-BF4B-00C04F79EFBC}") = "MyDictionary", "MyDictionary\MyDictionary.csproj", "{404BEDA7-CB0A-477D-BB48-0AA083C3D3ED}"
EndProject
Global
	GlobalSection(SolutionConfigurationPlatforms) = preSolution
		Debug|Any CPU = Debug|Any CPU
		Release|Any CPU = Release|Any CPU
	EndGlobalSection
	GlobalSection(ProjectConfigurationPlatforms) = postSolution
		{404BEDA7-CB0A-477D-BB48-0AA083C3D3ED}.Debug|Any CPU.ActiveCfg = Debug|Any CPU
		{404BEDA7-CB0A-477D-BB48-0AA083C3D3ED}.Debug|Any CPU.Build.0 = Debug|Any CPU
		{404BEDA7-CB0A-477D-BB48-0AA083C3D3ED}.Release|Any CPU.ActiveCfg = Release|Any CPU
		{404BEDA7-CB0A-477D-BB48-0AA083C3D3ED}.Release|Any CPU.Build.0 = Release|Any CPU
	EndGlobalSection
	GlobalSection(SolutionProperties) = preSolution
		HideSolutionNode = FALSE
	EndGlobalSection
	GlobalSection(ExtensibilityGlobals) = postSolution
		SolutionGuid = {6FBB9406-D578-4F10-A7C1-E6172AE690E3}
	EndGlobalSection
EndGlobal
